
Microsoft Visual Studio Solution File, Format Version 12.00
# Visual Studio Version 17
VisualStudioVersion = 17.9.34622.214
MinimumVisualStudioVersion = 10.0.40219.1
Project("{9A19103F-16F7-4668-BE54-9A1E7A4F7556}") = "RestaurantHost.Main", "Jlim.SockSever\RestaurantHost.Main.csproj", "{EF23B769-E813-4399-9EAB-975DCAA33AE7}"
EndProject
Project("{9A19103F-16F7-4668-BE54-9A1E7A4F7556}") = "RestaurantHost.Core", "RestruantHost.Core\RestaurantHost.Core.csproj", "{D665018D-6B34-4ED6-9BFA-87318727B601}"
EndProject
Project("{9A19103F-16F7-4668-BE54-9A1E7A4F7556}") = "RestaurantHost.Infrastructure", "RestruantHost.Proxy\RestaurantHost.Infrastructure.csproj", "{4D09C5D2-237D-4C82-8FF2-DB2239E6D950}"
EndProject
Project("{9A19103F-16F7-4668-BE54-9A1E7A4F7556}") = "RestaurantHost.Service", "RestrauntHost.Support\RestaurantHost.Service.csproj", "{035843CE-6CF5-4240-9BAC-3449BAB42926}"
EndProject
Project("{FAE04EC0-301F-11D3-BF4B-00C04F79EFBC}") = "RestaurantHost.Test", "RestaurantHost.Test\RestaurantHost.Test.csproj", "{56EDC1E2-6918-4BAC-B01C-39B86755C986}"
EndProject
Global
	GlobalSection(SolutionConfigurationPlatforms) = preSolution
		Debug|Any CPU = Debug|Any CPU
		Release|Any CPU = Release|Any CPU
	EndGlobalSection
	GlobalSection(ProjectConfigurationPlatforms) = postSolution
		{EF23B769-E813-4399-9EAB-975DCAA33AE7}.Debug|Any CPU.ActiveCfg = Debug|Any CPU
		{EF23B769-E813-4399-9EAB-975DCAA33AE7}.Debug|Any CPU.Build.0 = Debug|Any CPU
		{EF23B769-E813-4399-9EAB-975DCAA33AE7}.Release|Any CPU.ActiveCfg = Release|Any CPU
		{EF23B769-E813-4399-9EAB-975DCAA33AE7}.Release|Any CPU.Build.0 = Release|Any CPU
		{D665018D-6B34-4ED6-9BFA-87318727B601}.Debug|Any CPU.ActiveCfg = Debug|Any CPU
		{D665018D-6B34-4ED6-9BFA-87318727B601}.Debug|Any CPU.Build.0 = Debug|Any CPU
		{D665018D-6B34-4ED6-9BFA-87318727B601}.Release|Any CPU.ActiveCfg = Release|Any CPU
		{D665018D-6B34-4ED6-9BFA-87318727B601}.Release|Any CPU.Build.0 = Release|Any CPU
		{4D09C5D2-237D-4C82-8FF2-DB2239E6D950}.Debug|Any CPU.ActiveCfg = Debug|Any CPU
		{4D09C5D2-237D-4C82-8FF2-DB2239E6D950}.Debug|Any CPU.Build.0 = Debug|Any CPU
		{4D09C5D2-237D-4C82-8FF2-DB2239E6D950}.Release|Any CPU.ActiveCfg = Release|Any CPU
		{4D09C5D2-237D-4C82-8FF2-DB2239E6D950}.Release|Any CPU.Build.0 = Release|Any CPU
		{035843CE-6CF5-4240-9BAC-3449BAB42926}.Debug|Any CPU.ActiveCfg = Debug|Any CPU
		{035843CE-6CF5-4240-9BAC-3449BAB42926}.Debug|Any CPU.Build.0 = Debug|Any CPU
		{035843CE-6CF5-4240-9BAC-3449BAB42926}.Release|Any CPU.ActiveCfg = Release|Any CPU
		{035843CE-6CF5-4240-9BAC-3449BAB42926}.Release|Any CPU.Build.0 = Release|Any CPU
		{56EDC1E2-6918-4BAC-B01C-39B86755C986}.Debug|Any CPU.ActiveCfg = Debug|Any CPU
		{56EDC1E2-6918-4BAC-B01C-39B86755C986}.Debug|Any CPU.Build.0 = Debug|Any CPU
		{56EDC1E2-6918-4BAC-B01C-39B86755C986}.Release|Any CPU.ActiveCfg = Release|Any CPU
		{56EDC1E2-6918-4BAC-B01C-39B86755C986}.Release|Any CPU.Build.0 = Release|Any CPU
	EndGlobalSection
	GlobalSection(SolutionProperties) = preSolution
		HideSolutionNode = FALSE
	EndGlobalSection
	GlobalSection(ExtensibilityGlobals) = postSolution
		SolutionGuid = {9D31F4EF-540E-47C5-B175-956939837AE8}
	EndGlobalSection
EndGlobal
